
Microsoft Visual Studio Solution File, Format Version 12.00
#
Project("{2150E333-8FDC-42A3-9474-1A3956D46DE8}") = "Core", "Core", "{2498442D-F5D2-4A8B-9D86-83AD0C6857F8}"
EndProject
Project("{FAE04EC0-301F-11D3-BF4B-00C04F79EFBC}") = "Fw.Extensions.Tests", "Core\Fw.Extensions.Tests\Fw.Extensions.Tests.csproj", "{7D2D5D88-DBC8-445C-ABF4-0D5BD1B8F2E0}"
EndProject
Project("{FAE04EC0-301F-11D3-BF4B-00C04F79EFBC}") = "DKNet.Fw.Extensions", "Core\DKNet.Fw.Extensions\DKNet.Fw.Extensions.csproj", "{4F6257FB-B6B4-4D6F-933D-31D0E009CBCE}"
EndProject
Project("{2150E333-8FDC-42A3-9474-1A3956D46DE8}") = "EfCore", "EfCore", "{79AB749C-6325-4718-9BE0-36C750367F00}"
EndProject
Project("{FAE04EC0-301F-11D3-BF4B-00C04F79EFBC}") = "EfCore.DataAuthorization.Tests", "EfCore\EfCore.DataAuthorization.Tests\EfCore.DataAuthorization.Tests.csproj", "{24070CA1-ACF8-42E6-ACDE-48BFA17D85D1}"
EndProject
Project("{FAE04EC0-301F-11D3-BF4B-00C04F79EFBC}") = "EfCore.Events.Tests", "EfCore\EfCore.Events.Tests\EfCore.Events.Tests.csproj", "{92114AAA-7227-47B7-874F-56D4300BDD9E}"
EndProject
Project("{FAE04EC0-301F-11D3-BF4B-00C04F79EFBC}") = "EfCore.Extensions.Tests", "EfCore\EfCore.Extensions.Tests\EfCore.Extensions.Tests.csproj", "{2C6CF565-EFD7-4F96-8FFC-1C7B12183F9F}"
EndProject
Project("{FAE04EC0-301F-11D3-BF4B-00C04F79EFBC}") = "EfCore.HookTests", "EfCore\EfCore.HookTests\EfCore.HookTests.csproj", "{01130110-7E70-46B2-AD4A-1090E908E5B5}"
EndProject
Project("{FAE04EC0-301F-11D3-BF4B-00C04F79EFBC}") = "EfCore.Relational.Helpers.Tests", "EfCore\EfCore.Relational.Helpers.Tests\EfCore.Relational.Helpers.Tests.csproj", "{672FFD51-7486-4178-966B-507BE87A951D}"
EndProject
Project("{FAE04EC0-301F-11D3-BF4B-00C04F79EFBC}") = "DKNet.EfCore.Abstractions", "EfCore\DKNet.EfCore.Abstractions\DKNet.EfCore.Abstractions.csproj", "{7539D154-15E7-4982-92C3-39CED335D9E7}"
EndProject
Project("{FAE04EC0-301F-11D3-BF4B-00C04F79EFBC}") = "DKNet.EfCore.DataAuthorization", "EfCore\DKNet.EfCore.DataAuthorization\DKNet.EfCore.DataAuthorization.csproj", "{43A103C0-1928-4A8B-A2DA-C8F1A7F00A4A}"
EndProject
Project("{FAE04EC0-301F-11D3-BF4B-00C04F79EFBC}") = "DKNet.EfCore.Events", "EfCore\DKNet.EfCore.Events\DKNet.EfCore.Events.csproj", "{0DFF7522-3CEE-42EE-A765-FE93CF0E5A58}"
EndProject
Project("{FAE04EC0-301F-11D3-BF4B-00C04F79EFBC}") = "DKNet.EfCore.Extensions", "EfCore\DKNet.EfCore.Extensions\DKNet.EfCore.Extensions.csproj", "{ED883728-2174-42DE-A0E3-37DEA5CD7B0C}"
EndProject
Project("{FAE04EC0-301F-11D3-BF4B-00C04F79EFBC}") = "DKNet.EfCore.Hooks", "EfCore\DKNet.EfCore.Hooks\DKNet.EfCore.Hooks.csproj", "{FD4F1EFE-E16F-49A1-9027-D27C68FB9BC8}"
EndProject
Project("{FAE04EC0-301F-11D3-BF4B-00C04F79EFBC}") = "DKNet.EfCore.Relational.Helpers", "EfCore\DKNet.EfCore.Relational.Helpers\DKNet.EfCore.Relational.Helpers.csproj", "{22C5093E-70F7-4BFE-BDC1-0F1F55F56748}"
EndProject
Project("{FAE04EC0-301F-11D3-BF4B-00C04F79EFBC}") = "DKNet.EfCore.Repos", "EfCore\DKNet.EfCore.Repos\DKNet.EfCore.Repos.csproj", "{83CD37B3-B6A2-4D0E-9452-DD6398471ED6}"
EndProject
Project("{FAE04EC0-301F-11D3-BF4B-00C04F79EFBC}") = "DKNet.EfCore.Repos.Abstractions", "EfCore\DKNet.EfCore.Repos.Abstractions\DKNet.EfCore.Repos.Abstractions.csproj", "{11F03F5C-58F3-445C-B5DF-C1DBFFE7019F}"
EndProject
Project("{2150E333-8FDC-42A3-9474-1A3956D46DE8}") = "Services", "Services", "{42CE14AA-EB22-4CFF-923D-E4DD5BE9C751}"
EndProject
Project("{FAE04EC0-301F-11D3-BF4B-00C04F79EFBC}") = "Svc.BlobStorage.Tests", "Services\Svc.BlobStorage.Tests\Svc.BlobStorage.Tests.csproj", "{CEA2D300-3EE6-4CC6-A778-07B262976C3E}"
EndProject
Project("{FAE04EC0-301F-11D3-BF4B-00C04F79EFBC}") = "DKNet.Svc.BlobStorage.Local", "Services\DKNet.Svc.BlobStorage.Local\DKNet.Svc.BlobStorage.Local.csproj", "{D13D35ED-D099-489F-879B-94B73AD43D1F}"
EndProject
Project("{FAE04EC0-301F-11D3-BF4B-00C04F79EFBC}") = "DKNet.Svc.BlobStorage.AwsS3", "Services\DKNet.Svc.BlobStorage.AwsS3\DKNet.Svc.BlobStorage.AwsS3.csproj", "{50298C29-0ACF-49F7-973C-B34D786F1537}"
EndProject
Project("{FAE04EC0-301F-11D3-BF4B-00C04F79EFBC}") = "DKNet.Svc.BlobStorage.AzureStorage", "Services\DKNet.Svc.BlobStorage.AzureStorage\DKNet.Svc.BlobStorage.AzureStorage.csproj", "{75D71601-1ED7-4067-828B-67D21A324A68}"
EndProject
Project("{FAE04EC0-301F-11D3-BF4B-00C04F79EFBC}") = "Svc.Transform.Tests", "Services\Svc.Transform.Tests\Svc.Transform.Tests.csproj", "{30258DF6-BC04-44E3-BB06-1BD011012917}"
EndProject
Project("{FAE04EC0-301F-11D3-BF4B-00C04F79EFBC}") = "DKNet.Svc.Transformation", "Services\DKNet.Svc.Transformation\DKNet.Svc.Transformation.csproj", "{4FC95CCA-A8EC-44DB-8349-36F221F7250E}"
EndProject
Project("{2150E333-8FDC-42A3-9474-1A3956D46DE8}") = "_Files", "_Files", "{9F7203BB-C314-4216-8C48-BC98BFEE7F89}"
	ProjectSection(SolutionItems) = preProject
		nuget.config = nuget.config
		Directory.Packages.props = Directory.Packages.props
		coverage.runsettings = coverage.runsettings
		NugetLogo.png = NugetLogo.png
		nuget.sh = nuget.sh
		..\README.md = ..\README.md
		verify_nuget_package.sh = verify_nuget_package.sh
		..\.github\copilot-instructions.md = ..\.github\copilot-instructions.md
		..\.gitignore = ..\.gitignore
		.aspire\settings.json = .aspire\settings.json
	EndProjectSection
EndProject
Project("{2150E333-8FDC-42A3-9474-1A3956D46DE8}") = "Templates", "Templates", "{C9A0CD01-2FCF-4D0E-BB0D-CB61A1478017}"
EndProject
Project("{2150E333-8FDC-42A3-9474-1A3956D46DE8}") = "SlimBus.ApiEndpoints", "SlimBus.ApiEndpoints", "{212CE5D7-6FAF-466C-86A6-AA4810ED4F39}"
	ProjectSection(SolutionItems) = preProject
		Templates\SlimBus.ApiEndpoints\README.md = Templates\SlimBus.ApiEndpoints\README.md
	EndProjectSection
EndProject
Project("{FAE04EC0-301F-11D3-BF4B-00C04F79EFBC}") = "SlimBus.Api", "Templates\SlimBus.ApiEndpoints\SlimBus.Api\SlimBus.Api.csproj", "{8912F944-C7C4-41DC-94B6-37541C80AED1}"
EndProject
Project("{FAE04EC0-301F-11D3-BF4B-00C04F79EFBC}") = "SlimBus.AppServices", "Templates\SlimBus.ApiEndpoints\SlimBus.AppServices\SlimBus.AppServices.csproj", "{7E501EF0-ABF1-44FB-8FF2-14675C943FEE}"
EndProject
Project("{FAE04EC0-301F-11D3-BF4B-00C04F79EFBC}") = "SlimBus.Domains", "Templates\SlimBus.ApiEndpoints\SlimBus.Domains\SlimBus.Domains.csproj", "{F61F5730-2703-47AD-ACDD-B13C3A53FEAF}"
EndProject
Project("{FAE04EC0-301F-11D3-BF4B-00C04F79EFBC}") = "SlimBus.Infra", "Templates\SlimBus.ApiEndpoints\SlimBus.Infra\SlimBus.Infra.csproj", "{4EC513CA-94E4-4E5F-ACA2-BB77043B8535}"
EndProject
Project("{FAE04EC0-301F-11D3-BF4B-00C04F79EFBC}") = "SlimBus.Share", "Templates\SlimBus.ApiEndpoints\SlimBus.Share\SlimBus.Share.csproj", "{0FF2FD3C-E4A2-4482-845E-9BFAC1BBFE15}"
EndProject
Project("{2150E333-8FDC-42A3-9474-1A3956D46DE8}") = "SlimBus", "SlimBus", "{C2686F33-39EF-4995-AA5B-E256F5130F9B}"
EndProject
Project("{FAE04EC0-301F-11D3-BF4B-00C04F79EFBC}") = "DKNet.SlimBus.Extensions", "SlimBus\DKNet.SlimBus.Extensions\DKNet.SlimBus.Extensions.csproj", "{9DAB84BA-84CF-43C2-A35D-490A28992C62}"
EndProject
Project("{FAE04EC0-301F-11D3-BF4B-00C04F79EFBC}") = "SlimBus.Extensions.Tests", "SlimBus\SlimBus.Extensions.Tests\SlimBus.Extensions.Tests.csproj", "{BC6A92F4-BE7F-405F-87A1-43A73D3CCD29}"
EndProject
Project("{2150E333-8FDC-42A3-9474-1A3956D46DE8}") = "EfCore.Events", "EfCore.Events", "{0602506B-76E6-4909-9BD8-98B405967DAD}"
EndProject
Project("{FAE04EC0-301F-11D3-BF4B-00C04F79EFBC}") = "SlimBus.AppHost", "Templates\SlimBus.ApiEndpoints\SlimBus.AppHost\SlimBus.AppHost.csproj", "{9932A464-FF05-4EF8-BD52-65753D5504F1}"
EndProject
Project("{FAE04EC0-301F-11D3-BF4B-00C04F79EFBC}") = "SlimBus.App.Tests", "Templates\SlimBus.ApiEndpoints\SlimBus.App.Tests\SlimBus.App.Tests.csproj", "{C5C4E313-B1C9-40A0-B7E8-44A7A779A518}"
EndProject
Project("{FAE04EC0-301F-11D3-BF4B-00C04F79EFBC}") = "EfCore.Repos.Tests", "EfCore\EfCore.Repos.Tests\EfCore.Repos.Tests.csproj", "{BA96DA0C-2AA1-4379-ADDC-E68A580FA871}"
EndProject
Project("{2150E333-8FDC-42A3-9474-1A3956D46DE8}") = "Aspire", "Aspire", "{3FE651AB-C845-4B8F-9694-68DBA5179067}"
EndProject
Project("{FAE04EC0-301F-11D3-BF4B-00C04F79EFBC}") = "Aspire.Hosting.ServiceBus", "Aspire\Aspire.Hosting.ServiceBus\Aspire.Hosting.ServiceBus.csproj", "{08F32651-ADE5-4EC5-AD5C-8A028B3C0757}"
EndProject
Project("{FAE04EC0-301F-11D3-BF4B-00C04F79EFBC}") = "DKNet.Svc.BlobStorage.Abstractions", "Services\DKNet.Svc.BlobStorage.Abstractions\DKNet.Svc.BlobStorage.Abstractions.csproj", "{86684BD4-67DA-4771-B362-84574715BF36}"
EndProject
Project("{2150E333-8FDC-42A3-9474-1A3956D46DE8}") = "files", "files", "{83994FE1-4B2A-4EFE-A83F-39C39E2CA643}"
	ProjectSection(SolutionItems) = preProject
		Templates\SlimBus.ApiEndpoints\build-docker.sh = Templates\SlimBus.ApiEndpoints\build-docker.sh
		Templates\SlimBus.ApiEndpoints\Dockerfile = Templates\SlimBus.ApiEndpoints\Dockerfile
		Templates\SlimBus.ApiEndpoints\add-migration.sh = Templates\SlimBus.ApiEndpoints\add-migration.sh
		Templates\SlimBus.ApiEndpoints\remove-migration.sh = Templates\SlimBus.ApiEndpoints\remove-migration.sh
	EndProjectSection
EndProject
Project("{FAE04EC0-301F-11D3-BF4B-00C04F79EFBC}") = "EfCore.Abstractions.Tests", "EfCore\EfCore.Abstractions.Tests\EfCore.Abstractions.Tests.csproj", "{D3942179-366A-4A8B-A3A1-CBD04B2D3882}"
EndProject
Project("{FAE04EC0-301F-11D3-BF4B-00C04F79EFBC}") = "DKNet.EfCore.Specifications", "EfCore\DKNet.EfCore.Specifications\DKNet.EfCore.Specifications.csproj", "{8D9B3152-D023-4FDE-A1FE-AC0EA291CB1D}"
EndProject
Project("{FAE04EC0-301F-11D3-BF4B-00C04F79EFBC}") = "DKNet.RandomCreator", "Core\DKNet.RandomCreator\DKNet.RandomCreator.csproj", "{88D2BCC1-2D71-4E31-B8F2-79A7B514FCFD}"
EndProject
Project("{FAE04EC0-301F-11D3-BF4B-00C04F79EFBC}") = "RandomCreatorTests", "Core\RandomCreatorTests\RandomCreatorTests.csproj", "{786A6972-3088-4F9C-8F1D-6FDB95E170E8}"
EndProject
Project("{2150E333-8FDC-42A3-9474-1A3956D46DE8}") = "AspNet", "AspNet", "{120F93FD-F47A-4370-9D13-0C33A16786D4}"
EndProject
Project("{FAE04EC0-301F-11D3-BF4B-00C04F79EFBC}") = "DKNet.AspCore.Tasks", "DKNet.AspCore.Tasks\DKNet.AspCore.Tasks.csproj", "{7B01EC2A-2545-4475-91C4-E7CEF9D5976D}"
EndProject
Project("{FAE04EC0-301F-11D3-BF4B-00C04F79EFBC}") = "DKNet.AspCore.Tasks.Tests", "DKNet.AspCore.Tasks.Tests\DKNet.AspCore.Tasks.Tests.csproj", "{08854CA7-7311-4058-B784-143F4D2A162A}"
EndProject
Project("{FAE04EC0-301F-11D3-BF4B-00C04F79EFBC}") = "Svc.PdfGenerators.Tests", "Services\Svc.PdfGenerators.Tests\Svc.PdfGenerators.Tests.csproj", "{7CF65BE7-FCD4-42DD-AA56-4F09BC877023}"
EndProject
Project("{FAE04EC0-301F-11D3-BF4B-00C04F79EFBC}") = "DKNet.Svc.PdfGenerators", "Services\DKNet.Svc.PdfGenerators\DKNet.Svc.PdfGenerators.csproj", "{A369CD23-45B7-4160-8EC2-27DDA533452A}"
EndProject
Project("{FAE04EC0-301F-11D3-BF4B-00C04F79EFBC}") = "DKNet.AspCore.SlimBus", "SlimBus\DKNet.AspCore.SlimBus\DKNet.AspCore.SlimBus.csproj", "{1556498E-1A4B-432C-8A81-1341F5389698}"
EndProject
Project("{FAE04EC0-301F-11D3-BF4B-00C04F79EFBC}") = "DKNet.AspCore.SlimBus.Tests", "SlimBus\DKNet.AspCore.SlimBus.Tests\DKNet.AspCore.SlimBus.Tests.csproj", "{23AD2768-B495-42C8-B915-A2D36FF1D508}"
EndProject
Project("{FAE04EC0-301F-11D3-BF4B-00C04F79EFBC}") = "SlimBus.InterTests", "Templates\SlimBus.ApiEndpoints\SlimBus.InterTests\SlimBus.InterTests.csproj", "{ADFF9E82-0CFC-4FED-8B8A-BB849CDF9AF8}"
EndProject
Project("{2150E333-8FDC-42A3-9474-1A3956D46DE8}") = "workflows", "workflows", "{4B2C950F-B328-4CB6-B12C-C5AB97705681}"
	ProjectSection(SolutionItems) = preProject
		..\.github\workflows\dotnet-publish.yml = ..\.github\workflows\dotnet-publish.yml
		..\.github\workflows\collect_warnings.yml = ..\.github\workflows\collect_warnings.yml
		..\.github\workflows\codeql.yml = ..\.github\workflows\codeql.yml
		..\.github\workflows\build-test-coverage.yml = ..\.github\workflows\build-test-coverage.yml
	EndProjectSection
EndProject
Project("{FAE04EC0-301F-11D3-BF4B-00C04F79EFBC}") = "DKNet.Svc.Encryption", "Services\DKNet.Svc.Encryption\DKNet.Svc.Encryption.csproj", "{8B363ED1-AA92-48ED-933A-DB8A9B1122C1}"
EndProject
Project("{FAE04EC0-301F-11D3-BF4B-00C04F79EFBC}") = "DKNet.Svc.Encryption.Tests", "Services\DKNet.Svc.Encryption.Tests\DKNet.Svc.Encryption.Tests.csproj", "{887B20CD-EDD9-473C-A7E0-6B0684D250A7}"
EndProject
Global
	GlobalSection(SolutionConfigurationPlatforms) = preSolution
		Debug|Any CPU = Debug|Any CPU
		Release|Any CPU = Release|Any CPU
	EndGlobalSection
	GlobalSection(ProjectConfigurationPlatforms) = postSolution
		{7D2D5D88-DBC8-445C-ABF4-0D5BD1B8F2E0}.Debug|Any CPU.ActiveCfg = Debug|Any CPU
		{7D2D5D88-DBC8-445C-ABF4-0D5BD1B8F2E0}.Debug|Any CPU.Build.0 = Debug|Any CPU
		{7D2D5D88-DBC8-445C-ABF4-0D5BD1B8F2E0}.Release|Any CPU.ActiveCfg = Release|Any CPU
		{7D2D5D88-DBC8-445C-ABF4-0D5BD1B8F2E0}.Release|Any CPU.Build.0 = Release|Any CPU
		{4F6257FB-B6B4-4D6F-933D-31D0E009CBCE}.Debug|Any CPU.ActiveCfg = Debug|Any CPU
		{4F6257FB-B6B4-4D6F-933D-31D0E009CBCE}.Debug|Any CPU.Build.0 = Debug|Any CPU
		{4F6257FB-B6B4-4D6F-933D-31D0E009CBCE}.Release|Any CPU.ActiveCfg = Release|Any CPU
		{4F6257FB-B6B4-4D6F-933D-31D0E009CBCE}.Release|Any CPU.Build.0 = Release|Any CPU
		{24070CA1-ACF8-42E6-ACDE-48BFA17D85D1}.Debug|Any CPU.ActiveCfg = Debug|Any CPU
		{24070CA1-ACF8-42E6-ACDE-48BFA17D85D1}.Debug|Any CPU.Build.0 = Debug|Any CPU
		{24070CA1-ACF8-42E6-ACDE-48BFA17D85D1}.Release|Any CPU.ActiveCfg = Release|Any CPU
		{24070CA1-ACF8-42E6-ACDE-48BFA17D85D1}.Release|Any CPU.Build.0 = Release|Any CPU
		{92114AAA-7227-47B7-874F-56D4300BDD9E}.Debug|Any CPU.ActiveCfg = Debug|Any CPU
		{92114AAA-7227-47B7-874F-56D4300BDD9E}.Debug|Any CPU.Build.0 = Debug|Any CPU
		{92114AAA-7227-47B7-874F-56D4300BDD9E}.Release|Any CPU.ActiveCfg = Release|Any CPU
		{92114AAA-7227-47B7-874F-56D4300BDD9E}.Release|Any CPU.Build.0 = Release|Any CPU
		{2C6CF565-EFD7-4F96-8FFC-1C7B12183F9F}.Debug|Any CPU.ActiveCfg = Debug|Any CPU
		{2C6CF565-EFD7-4F96-8FFC-1C7B12183F9F}.Debug|Any CPU.Build.0 = Debug|Any CPU
		{2C6CF565-EFD7-4F96-8FFC-1C7B12183F9F}.Release|Any CPU.ActiveCfg = Release|Any CPU
		{2C6CF565-EFD7-4F96-8FFC-1C7B12183F9F}.Release|Any CPU.Build.0 = Release|Any CPU
		{01130110-7E70-46B2-AD4A-1090E908E5B5}.Debug|Any CPU.ActiveCfg = Debug|Any CPU
		{01130110-7E70-46B2-AD4A-1090E908E5B5}.Debug|Any CPU.Build.0 = Debug|Any CPU
		{01130110-7E70-46B2-AD4A-1090E908E5B5}.Release|Any CPU.ActiveCfg = Release|Any CPU
		{01130110-7E70-46B2-AD4A-1090E908E5B5}.Release|Any CPU.Build.0 = Release|Any CPU
		{672FFD51-7486-4178-966B-507BE87A951D}.Debug|Any CPU.ActiveCfg = Debug|Any CPU
		{672FFD51-7486-4178-966B-507BE87A951D}.Debug|Any CPU.Build.0 = Debug|Any CPU
		{672FFD51-7486-4178-966B-507BE87A951D}.Release|Any CPU.ActiveCfg = Release|Any CPU
		{672FFD51-7486-4178-966B-507BE87A951D}.Release|Any CPU.Build.0 = Release|Any CPU
		{7539D154-15E7-4982-92C3-39CED335D9E7}.Debug|Any CPU.ActiveCfg = Debug|Any CPU
		{7539D154-15E7-4982-92C3-39CED335D9E7}.Debug|Any CPU.Build.0 = Debug|Any CPU
		{7539D154-15E7-4982-92C3-39CED335D9E7}.Release|Any CPU.ActiveCfg = Release|Any CPU
		{7539D154-15E7-4982-92C3-39CED335D9E7}.Release|Any CPU.Build.0 = Release|Any CPU
		{43A103C0-1928-4A8B-A2DA-C8F1A7F00A4A}.Debug|Any CPU.ActiveCfg = Debug|Any CPU
		{43A103C0-1928-4A8B-A2DA-C8F1A7F00A4A}.Debug|Any CPU.Build.0 = Debug|Any CPU
		{43A103C0-1928-4A8B-A2DA-C8F1A7F00A4A}.Release|Any CPU.ActiveCfg = Release|Any CPU
		{43A103C0-1928-4A8B-A2DA-C8F1A7F00A4A}.Release|Any CPU.Build.0 = Release|Any CPU
		{0DFF7522-3CEE-42EE-A765-FE93CF0E5A58}.Debug|Any CPU.ActiveCfg = Debug|Any CPU
		{0DFF7522-3CEE-42EE-A765-FE93CF0E5A58}.Debug|Any CPU.Build.0 = Debug|Any CPU
		{0DFF7522-3CEE-42EE-A765-FE93CF0E5A58}.Release|Any CPU.ActiveCfg = Release|Any CPU
		{0DFF7522-3CEE-42EE-A765-FE93CF0E5A58}.Release|Any CPU.Build.0 = Release|Any CPU
		{ED883728-2174-42DE-A0E3-37DEA5CD7B0C}.Debug|Any CPU.ActiveCfg = Debug|Any CPU
		{ED883728-2174-42DE-A0E3-37DEA5CD7B0C}.Debug|Any CPU.Build.0 = Debug|Any CPU
		{ED883728-2174-42DE-A0E3-37DEA5CD7B0C}.Release|Any CPU.ActiveCfg = Release|Any CPU
		{ED883728-2174-42DE-A0E3-37DEA5CD7B0C}.Release|Any CPU.Build.0 = Release|Any CPU
		{FD4F1EFE-E16F-49A1-9027-D27C68FB9BC8}.Debug|Any CPU.ActiveCfg = Debug|Any CPU
		{FD4F1EFE-E16F-49A1-9027-D27C68FB9BC8}.Debug|Any CPU.Build.0 = Debug|Any CPU
		{FD4F1EFE-E16F-49A1-9027-D27C68FB9BC8}.Release|Any CPU.ActiveCfg = Release|Any CPU
		{FD4F1EFE-E16F-49A1-9027-D27C68FB9BC8}.Release|Any CPU.Build.0 = Release|Any CPU
		{22C5093E-70F7-4BFE-BDC1-0F1F55F56748}.Debug|Any CPU.ActiveCfg = Debug|Any CPU
		{22C5093E-70F7-4BFE-BDC1-0F1F55F56748}.Debug|Any CPU.Build.0 = Debug|Any CPU
		{22C5093E-70F7-4BFE-BDC1-0F1F55F56748}.Release|Any CPU.ActiveCfg = Release|Any CPU
		{22C5093E-70F7-4BFE-BDC1-0F1F55F56748}.Release|Any CPU.Build.0 = Release|Any CPU
		{83CD37B3-B6A2-4D0E-9452-DD6398471ED6}.Debug|Any CPU.ActiveCfg = Debug|Any CPU
		{83CD37B3-B6A2-4D0E-9452-DD6398471ED6}.Debug|Any CPU.Build.0 = Debug|Any CPU
		{83CD37B3-B6A2-4D0E-9452-DD6398471ED6}.Release|Any CPU.ActiveCfg = Release|Any CPU
		{83CD37B3-B6A2-4D0E-9452-DD6398471ED6}.Release|Any CPU.Build.0 = Release|Any CPU
		{11F03F5C-58F3-445C-B5DF-C1DBFFE7019F}.Debug|Any CPU.ActiveCfg = Debug|Any CPU
		{11F03F5C-58F3-445C-B5DF-C1DBFFE7019F}.Debug|Any CPU.Build.0 = Debug|Any CPU
		{11F03F5C-58F3-445C-B5DF-C1DBFFE7019F}.Release|Any CPU.ActiveCfg = Release|Any CPU
		{11F03F5C-58F3-445C-B5DF-C1DBFFE7019F}.Release|Any CPU.Build.0 = Release|Any CPU
		{CEA2D300-3EE6-4CC6-A778-07B262976C3E}.Debug|Any CPU.ActiveCfg = Debug|Any CPU
		{CEA2D300-3EE6-4CC6-A778-07B262976C3E}.Debug|Any CPU.Build.0 = Debug|Any CPU
		{CEA2D300-3EE6-4CC6-A778-07B262976C3E}.Release|Any CPU.ActiveCfg = Release|Any CPU
		{CEA2D300-3EE6-4CC6-A778-07B262976C3E}.Release|Any CPU.Build.0 = Release|Any CPU
		{D13D35ED-D099-489F-879B-94B73AD43D1F}.Debug|Any CPU.ActiveCfg = Debug|Any CPU
		{D13D35ED-D099-489F-879B-94B73AD43D1F}.Debug|Any CPU.Build.0 = Debug|Any CPU
		{D13D35ED-D099-489F-879B-94B73AD43D1F}.Release|Any CPU.ActiveCfg = Release|Any CPU
		{D13D35ED-D099-489F-879B-94B73AD43D1F}.Release|Any CPU.Build.0 = Release|Any CPU
		{50298C29-0ACF-49F7-973C-B34D786F1537}.Debug|Any CPU.ActiveCfg = Debug|Any CPU
		{50298C29-0ACF-49F7-973C-B34D786F1537}.Debug|Any CPU.Build.0 = Debug|Any CPU
		{50298C29-0ACF-49F7-973C-B34D786F1537}.Release|Any CPU.ActiveCfg = Release|Any CPU
		{50298C29-0ACF-49F7-973C-B34D786F1537}.Release|Any CPU.Build.0 = Release|Any CPU
		{75D71601-1ED7-4067-828B-67D21A324A68}.Debug|Any CPU.ActiveCfg = Debug|Any CPU
		{75D71601-1ED7-4067-828B-67D21A324A68}.Debug|Any CPU.Build.0 = Debug|Any CPU
		{75D71601-1ED7-4067-828B-67D21A324A68}.Release|Any CPU.ActiveCfg = Release|Any CPU
		{75D71601-1ED7-4067-828B-67D21A324A68}.Release|Any CPU.Build.0 = Release|Any CPU
		{30258DF6-BC04-44E3-BB06-1BD011012917}.Debug|Any CPU.ActiveCfg = Debug|Any CPU
		{30258DF6-BC04-44E3-BB06-1BD011012917}.Debug|Any CPU.Build.0 = Debug|Any CPU
		{30258DF6-BC04-44E3-BB06-1BD011012917}.Release|Any CPU.ActiveCfg = Release|Any CPU
		{30258DF6-BC04-44E3-BB06-1BD011012917}.Release|Any CPU.Build.0 = Release|Any CPU
		{4FC95CCA-A8EC-44DB-8349-36F221F7250E}.Debug|Any CPU.ActiveCfg = Debug|Any CPU
		{4FC95CCA-A8EC-44DB-8349-36F221F7250E}.Debug|Any CPU.Build.0 = Debug|Any CPU
		{4FC95CCA-A8EC-44DB-8349-36F221F7250E}.Release|Any CPU.ActiveCfg = Release|Any CPU
		{4FC95CCA-A8EC-44DB-8349-36F221F7250E}.Release|Any CPU.Build.0 = Release|Any CPU
		{8912F944-C7C4-41DC-94B6-37541C80AED1}.Debug|Any CPU.ActiveCfg = Debug|Any CPU
		{8912F944-C7C4-41DC-94B6-37541C80AED1}.Debug|Any CPU.Build.0 = Debug|Any CPU
		{8912F944-C7C4-41DC-94B6-37541C80AED1}.Release|Any CPU.ActiveCfg = Release|Any CPU
		{8912F944-C7C4-41DC-94B6-37541C80AED1}.Release|Any CPU.Build.0 = Release|Any CPU
		{7E501EF0-ABF1-44FB-8FF2-14675C943FEE}.Debug|Any CPU.ActiveCfg = Debug|Any CPU
		{7E501EF0-ABF1-44FB-8FF2-14675C943FEE}.Debug|Any CPU.Build.0 = Debug|Any CPU
		{7E501EF0-ABF1-44FB-8FF2-14675C943FEE}.Release|Any CPU.ActiveCfg = Release|Any CPU
		{7E501EF0-ABF1-44FB-8FF2-14675C943FEE}.Release|Any CPU.Build.0 = Release|Any CPU
		{F61F5730-2703-47AD-ACDD-B13C3A53FEAF}.Debug|Any CPU.ActiveCfg = Debug|Any CPU
		{F61F5730-2703-47AD-ACDD-B13C3A53FEAF}.Debug|Any CPU.Build.0 = Debug|Any CPU
		{F61F5730-2703-47AD-ACDD-B13C3A53FEAF}.Release|Any CPU.ActiveCfg = Release|Any CPU
		{F61F5730-2703-47AD-ACDD-B13C3A53FEAF}.Release|Any CPU.Build.0 = Release|Any CPU
		{4EC513CA-94E4-4E5F-ACA2-BB77043B8535}.Debug|Any CPU.ActiveCfg = Debug|Any CPU
		{4EC513CA-94E4-4E5F-ACA2-BB77043B8535}.Debug|Any CPU.Build.0 = Debug|Any CPU
		{4EC513CA-94E4-4E5F-ACA2-BB77043B8535}.Release|Any CPU.ActiveCfg = Release|Any CPU
		{4EC513CA-94E4-4E5F-ACA2-BB77043B8535}.Release|Any CPU.Build.0 = Release|Any CPU
		{0FF2FD3C-E4A2-4482-845E-9BFAC1BBFE15}.Debug|Any CPU.ActiveCfg = Debug|Any CPU
		{0FF2FD3C-E4A2-4482-845E-9BFAC1BBFE15}.Debug|Any CPU.Build.0 = Debug|Any CPU
		{0FF2FD3C-E4A2-4482-845E-9BFAC1BBFE15}.Release|Any CPU.ActiveCfg = Release|Any CPU
		{0FF2FD3C-E4A2-4482-845E-9BFAC1BBFE15}.Release|Any CPU.Build.0 = Release|Any CPU
		{9DAB84BA-84CF-43C2-A35D-490A28992C62}.Debug|Any CPU.ActiveCfg = Debug|Any CPU
		{9DAB84BA-84CF-43C2-A35D-490A28992C62}.Debug|Any CPU.Build.0 = Debug|Any CPU
		{9DAB84BA-84CF-43C2-A35D-490A28992C62}.Release|Any CPU.ActiveCfg = Release|Any CPU
		{9DAB84BA-84CF-43C2-A35D-490A28992C62}.Release|Any CPU.Build.0 = Release|Any CPU
		{BC6A92F4-BE7F-405F-87A1-43A73D3CCD29}.Debug|Any CPU.ActiveCfg = Debug|Any CPU
		{BC6A92F4-BE7F-405F-87A1-43A73D3CCD29}.Debug|Any CPU.Build.0 = Debug|Any CPU
		{BC6A92F4-BE7F-405F-87A1-43A73D3CCD29}.Release|Any CPU.ActiveCfg = Release|Any CPU
		{BC6A92F4-BE7F-405F-87A1-43A73D3CCD29}.Release|Any CPU.Build.0 = Release|Any CPU
		{9932A464-FF05-4EF8-BD52-65753D5504F1}.Debug|Any CPU.ActiveCfg = Debug|Any CPU
		{9932A464-FF05-4EF8-BD52-65753D5504F1}.Debug|Any CPU.Build.0 = Debug|Any CPU
		{9932A464-FF05-4EF8-BD52-65753D5504F1}.Release|Any CPU.ActiveCfg = Release|Any CPU
		{9932A464-FF05-4EF8-BD52-65753D5504F1}.Release|Any CPU.Build.0 = Release|Any CPU
		{C5C4E313-B1C9-40A0-B7E8-44A7A779A518}.Debug|Any CPU.ActiveCfg = Debug|Any CPU
		{C5C4E313-B1C9-40A0-B7E8-44A7A779A518}.Debug|Any CPU.Build.0 = Debug|Any CPU
		{C5C4E313-B1C9-40A0-B7E8-44A7A779A518}.Release|Any CPU.ActiveCfg = Release|Any CPU
		{C5C4E313-B1C9-40A0-B7E8-44A7A779A518}.Release|Any CPU.Build.0 = Release|Any CPU
		{BA96DA0C-2AA1-4379-ADDC-E68A580FA871}.Debug|Any CPU.ActiveCfg = Debug|Any CPU
		{BA96DA0C-2AA1-4379-ADDC-E68A580FA871}.Debug|Any CPU.Build.0 = Debug|Any CPU
		{BA96DA0C-2AA1-4379-ADDC-E68A580FA871}.Release|Any CPU.ActiveCfg = Release|Any CPU
		{BA96DA0C-2AA1-4379-ADDC-E68A580FA871}.Release|Any CPU.Build.0 = Release|Any CPU
		{08F32651-ADE5-4EC5-AD5C-8A028B3C0757}.Debug|Any CPU.ActiveCfg = Debug|Any CPU
		{08F32651-ADE5-4EC5-AD5C-8A028B3C0757}.Debug|Any CPU.Build.0 = Debug|Any CPU
		{08F32651-ADE5-4EC5-AD5C-8A028B3C0757}.Release|Any CPU.ActiveCfg = Release|Any CPU
		{08F32651-ADE5-4EC5-AD5C-8A028B3C0757}.Release|Any CPU.Build.0 = Release|Any CPU
		{86684BD4-67DA-4771-B362-84574715BF36}.Debug|Any CPU.ActiveCfg = Debug|Any CPU
		{86684BD4-67DA-4771-B362-84574715BF36}.Debug|Any CPU.Build.0 = Debug|Any CPU
		{86684BD4-67DA-4771-B362-84574715BF36}.Release|Any CPU.ActiveCfg = Release|Any CPU
		{86684BD4-67DA-4771-B362-84574715BF36}.Release|Any CPU.Build.0 = Release|Any CPU
		{D3942179-366A-4A8B-A3A1-CBD04B2D3882}.Debug|Any CPU.ActiveCfg = Debug|Any CPU
		{D3942179-366A-4A8B-A3A1-CBD04B2D3882}.Debug|Any CPU.Build.0 = Debug|Any CPU
		{D3942179-366A-4A8B-A3A1-CBD04B2D3882}.Release|Any CPU.ActiveCfg = Release|Any CPU
		{D3942179-366A-4A8B-A3A1-CBD04B2D3882}.Release|Any CPU.Build.0 = Release|Any CPU
		{8D9B3152-D023-4FDE-A1FE-AC0EA291CB1D}.Debug|Any CPU.ActiveCfg = Debug|Any CPU
		{8D9B3152-D023-4FDE-A1FE-AC0EA291CB1D}.Debug|Any CPU.Build.0 = Debug|Any CPU
		{8D9B3152-D023-4FDE-A1FE-AC0EA291CB1D}.Release|Any CPU.ActiveCfg = Release|Any CPU
		{8D9B3152-D023-4FDE-A1FE-AC0EA291CB1D}.Release|Any CPU.Build.0 = Release|Any CPU
		{88D2BCC1-2D71-4E31-B8F2-79A7B514FCFD}.Debug|Any CPU.ActiveCfg = Debug|Any CPU
		{88D2BCC1-2D71-4E31-B8F2-79A7B514FCFD}.Debug|Any CPU.Build.0 = Debug|Any CPU
		{88D2BCC1-2D71-4E31-B8F2-79A7B514FCFD}.Release|Any CPU.ActiveCfg = Release|Any CPU
		{88D2BCC1-2D71-4E31-B8F2-79A7B514FCFD}.Release|Any CPU.Build.0 = Release|Any CPU
		{786A6972-3088-4F9C-8F1D-6FDB95E170E8}.Debug|Any CPU.ActiveCfg = Debug|Any CPU
		{786A6972-3088-4F9C-8F1D-6FDB95E170E8}.Debug|Any CPU.Build.0 = Debug|Any CPU
		{786A6972-3088-4F9C-8F1D-6FDB95E170E8}.Release|Any CPU.ActiveCfg = Release|Any CPU
		{786A6972-3088-4F9C-8F1D-6FDB95E170E8}.Release|Any CPU.Build.0 = Release|Any CPU
		{7B01EC2A-2545-4475-91C4-E7CEF9D5976D}.Debug|Any CPU.ActiveCfg = Debug|Any CPU
		{7B01EC2A-2545-4475-91C4-E7CEF9D5976D}.Debug|Any CPU.Build.0 = Debug|Any CPU
		{7B01EC2A-2545-4475-91C4-E7CEF9D5976D}.Release|Any CPU.ActiveCfg = Release|Any CPU
		{7B01EC2A-2545-4475-91C4-E7CEF9D5976D}.Release|Any CPU.Build.0 = Release|Any CPU
		{08854CA7-7311-4058-B784-143F4D2A162A}.Debug|Any CPU.ActiveCfg = Debug|Any CPU
		{08854CA7-7311-4058-B784-143F4D2A162A}.Debug|Any CPU.Build.0 = Debug|Any CPU
		{08854CA7-7311-4058-B784-143F4D2A162A}.Release|Any CPU.ActiveCfg = Release|Any CPU
		{08854CA7-7311-4058-B784-143F4D2A162A}.Release|Any CPU.Build.0 = Release|Any CPU
		{7CF65BE7-FCD4-42DD-AA56-4F09BC877023}.Debug|Any CPU.ActiveCfg = Debug|Any CPU
		{7CF65BE7-FCD4-42DD-AA56-4F09BC877023}.Debug|Any CPU.Build.0 = Debug|Any CPU
		{7CF65BE7-FCD4-42DD-AA56-4F09BC877023}.Release|Any CPU.ActiveCfg = Release|Any CPU
		{7CF65BE7-FCD4-42DD-AA56-4F09BC877023}.Release|Any CPU.Build.0 = Release|Any CPU
		{A369CD23-45B7-4160-8EC2-27DDA533452A}.Debug|Any CPU.ActiveCfg = Debug|Any CPU
		{A369CD23-45B7-4160-8EC2-27DDA533452A}.Debug|Any CPU.Build.0 = Debug|Any CPU
		{A369CD23-45B7-4160-8EC2-27DDA533452A}.Release|Any CPU.ActiveCfg = Release|Any CPU
		{A369CD23-45B7-4160-8EC2-27DDA533452A}.Release|Any CPU.Build.0 = Release|Any CPU
		{1556498E-1A4B-432C-8A81-1341F5389698}.Debug|Any CPU.ActiveCfg = Debug|Any CPU
		{1556498E-1A4B-432C-8A81-1341F5389698}.Debug|Any CPU.Build.0 = Debug|Any CPU
		{1556498E-1A4B-432C-8A81-1341F5389698}.Release|Any CPU.ActiveCfg = Release|Any CPU
		{1556498E-1A4B-432C-8A81-1341F5389698}.Release|Any CPU.Build.0 = Release|Any CPU
		{23AD2768-B495-42C8-B915-A2D36FF1D508}.Debug|Any CPU.ActiveCfg = Debug|Any CPU
		{23AD2768-B495-42C8-B915-A2D36FF1D508}.Debug|Any CPU.Build.0 = Debug|Any CPU
		{23AD2768-B495-42C8-B915-A2D36FF1D508}.Release|Any CPU.ActiveCfg = Release|Any CPU
		{23AD2768-B495-42C8-B915-A2D36FF1D508}.Release|Any CPU.Build.0 = Release|Any CPU
		{ADFF9E82-0CFC-4FED-8B8A-BB849CDF9AF8}.Debug|Any CPU.ActiveCfg = Debug|Any CPU
		{ADFF9E82-0CFC-4FED-8B8A-BB849CDF9AF8}.Debug|Any CPU.Build.0 = Debug|Any CPU
		{ADFF9E82-0CFC-4FED-8B8A-BB849CDF9AF8}.Release|Any CPU.ActiveCfg = Release|Any CPU
		{ADFF9E82-0CFC-4FED-8B8A-BB849CDF9AF8}.Release|Any CPU.Build.0 = Release|Any CPU
		{8B363ED1-AA92-48ED-933A-DB8A9B1122C1}.Debug|Any CPU.ActiveCfg = Debug|Any CPU
		{8B363ED1-AA92-48ED-933A-DB8A9B1122C1}.Debug|Any CPU.Build.0 = Debug|Any CPU
		{8B363ED1-AA92-48ED-933A-DB8A9B1122C1}.Release|Any CPU.ActiveCfg = Release|Any CPU
		{8B363ED1-AA92-48ED-933A-DB8A9B1122C1}.Release|Any CPU.Build.0 = Release|Any CPU
		{887B20CD-EDD9-473C-A7E0-6B0684D250A7}.Debug|Any CPU.ActiveCfg = Debug|Any CPU
		{887B20CD-EDD9-473C-A7E0-6B0684D250A7}.Debug|Any CPU.Build.0 = Debug|Any CPU
		{887B20CD-EDD9-473C-A7E0-6B0684D250A7}.Release|Any CPU.ActiveCfg = Release|Any CPU
		{887B20CD-EDD9-473C-A7E0-6B0684D250A7}.Release|Any CPU.Build.0 = Release|Any CPU
	EndGlobalSection
	GlobalSection(SolutionProperties) = preSolution
		HideSolutionNode = FALSE
	EndGlobalSection
	GlobalSection(NestedProjects) = preSolution
		{7D2D5D88-DBC8-445C-ABF4-0D5BD1B8F2E0} = {2498442D-F5D2-4A8B-9D86-83AD0C6857F8}
		{4F6257FB-B6B4-4D6F-933D-31D0E009CBCE} = {2498442D-F5D2-4A8B-9D86-83AD0C6857F8}
		{24070CA1-ACF8-42E6-ACDE-48BFA17D85D1} = {79AB749C-6325-4718-9BE0-36C750367F00}
		{92114AAA-7227-47B7-874F-56D4300BDD9E} = {0602506B-76E6-4909-9BD8-98B405967DAD}
		{2C6CF565-EFD7-4F96-8FFC-1C7B12183F9F} = {79AB749C-6325-4718-9BE0-36C750367F00}
		{01130110-7E70-46B2-AD4A-1090E908E5B5} = {79AB749C-6325-4718-9BE0-36C750367F00}
		{672FFD51-7486-4178-966B-507BE87A951D} = {79AB749C-6325-4718-9BE0-36C750367F00}
		{7539D154-15E7-4982-92C3-39CED335D9E7} = {79AB749C-6325-4718-9BE0-36C750367F00}
		{43A103C0-1928-4A8B-A2DA-C8F1A7F00A4A} = {79AB749C-6325-4718-9BE0-36C750367F00}
		{0DFF7522-3CEE-42EE-A765-FE93CF0E5A58} = {0602506B-76E6-4909-9BD8-98B405967DAD}
		{ED883728-2174-42DE-A0E3-37DEA5CD7B0C} = {79AB749C-6325-4718-9BE0-36C750367F00}
		{FD4F1EFE-E16F-49A1-9027-D27C68FB9BC8} = {79AB749C-6325-4718-9BE0-36C750367F00}
		{22C5093E-70F7-4BFE-BDC1-0F1F55F56748} = {79AB749C-6325-4718-9BE0-36C750367F00}
		{83CD37B3-B6A2-4D0E-9452-DD6398471ED6} = {79AB749C-6325-4718-9BE0-36C750367F00}
		{11F03F5C-58F3-445C-B5DF-C1DBFFE7019F} = {79AB749C-6325-4718-9BE0-36C750367F00}
		{CEA2D300-3EE6-4CC6-A778-07B262976C3E} = {42CE14AA-EB22-4CFF-923D-E4DD5BE9C751}
		{D13D35ED-D099-489F-879B-94B73AD43D1F} = {42CE14AA-EB22-4CFF-923D-E4DD5BE9C751}
		{50298C29-0ACF-49F7-973C-B34D786F1537} = {42CE14AA-EB22-4CFF-923D-E4DD5BE9C751}
		{75D71601-1ED7-4067-828B-67D21A324A68} = {42CE14AA-EB22-4CFF-923D-E4DD5BE9C751}
		{30258DF6-BC04-44E3-BB06-1BD011012917} = {42CE14AA-EB22-4CFF-923D-E4DD5BE9C751}
		{4FC95CCA-A8EC-44DB-8349-36F221F7250E} = {42CE14AA-EB22-4CFF-923D-E4DD5BE9C751}
		{212CE5D7-6FAF-466C-86A6-AA4810ED4F39} = {C9A0CD01-2FCF-4D0E-BB0D-CB61A1478017}
		{8912F944-C7C4-41DC-94B6-37541C80AED1} = {212CE5D7-6FAF-466C-86A6-AA4810ED4F39}
		{7E501EF0-ABF1-44FB-8FF2-14675C943FEE} = {212CE5D7-6FAF-466C-86A6-AA4810ED4F39}
		{F61F5730-2703-47AD-ACDD-B13C3A53FEAF} = {212CE5D7-6FAF-466C-86A6-AA4810ED4F39}
		{4EC513CA-94E4-4E5F-ACA2-BB77043B8535} = {212CE5D7-6FAF-466C-86A6-AA4810ED4F39}
		{0FF2FD3C-E4A2-4482-845E-9BFAC1BBFE15} = {212CE5D7-6FAF-466C-86A6-AA4810ED4F39}
		{9DAB84BA-84CF-43C2-A35D-490A28992C62} = {C2686F33-39EF-4995-AA5B-E256F5130F9B}
		{BC6A92F4-BE7F-405F-87A1-43A73D3CCD29} = {C2686F33-39EF-4995-AA5B-E256F5130F9B}
		{0602506B-76E6-4909-9BD8-98B405967DAD} = {79AB749C-6325-4718-9BE0-36C750367F00}
		{9932A464-FF05-4EF8-BD52-65753D5504F1} = {212CE5D7-6FAF-466C-86A6-AA4810ED4F39}
		{C5C4E313-B1C9-40A0-B7E8-44A7A779A518} = {212CE5D7-6FAF-466C-86A6-AA4810ED4F39}
		{BA96DA0C-2AA1-4379-ADDC-E68A580FA871} = {79AB749C-6325-4718-9BE0-36C750367F00}
		{08F32651-ADE5-4EC5-AD5C-8A028B3C0757} = {3FE651AB-C845-4B8F-9694-68DBA5179067}
		{86684BD4-67DA-4771-B362-84574715BF36} = {42CE14AA-EB22-4CFF-923D-E4DD5BE9C751}
		{83994FE1-4B2A-4EFE-A83F-39C39E2CA643} = {212CE5D7-6FAF-466C-86A6-AA4810ED4F39}
		{D3942179-366A-4A8B-A3A1-CBD04B2D3882} = {79AB749C-6325-4718-9BE0-36C750367F00}
		{8D9B3152-D023-4FDE-A1FE-AC0EA291CB1D} = {79AB749C-6325-4718-9BE0-36C750367F00}
		{88D2BCC1-2D71-4E31-B8F2-79A7B514FCFD} = {2498442D-F5D2-4A8B-9D86-83AD0C6857F8}
		{786A6972-3088-4F9C-8F1D-6FDB95E170E8} = {2498442D-F5D2-4A8B-9D86-83AD0C6857F8}
		{7B01EC2A-2545-4475-91C4-E7CEF9D5976D} = {120F93FD-F47A-4370-9D13-0C33A16786D4}
		{08854CA7-7311-4058-B784-143F4D2A162A} = {120F93FD-F47A-4370-9D13-0C33A16786D4}
		{7CF65BE7-FCD4-42DD-AA56-4F09BC877023} = {42CE14AA-EB22-4CFF-923D-E4DD5BE9C751}
		{A369CD23-45B7-4160-8EC2-27DDA533452A} = {42CE14AA-EB22-4CFF-923D-E4DD5BE9C751}
		{1556498E-1A4B-432C-8A81-1341F5389698} = {120F93FD-F47A-4370-9D13-0C33A16786D4}
		{23AD2768-B495-42C8-B915-A2D36FF1D508} = {120F93FD-F47A-4370-9D13-0C33A16786D4}
		{ADFF9E82-0CFC-4FED-8B8A-BB849CDF9AF8} = {212CE5D7-6FAF-466C-86A6-AA4810ED4F39}
		{4B2C950F-B328-4CB6-B12C-C5AB97705681} = {9F7203BB-C314-4216-8C48-BC98BFEE7F89}
		{8B363ED1-AA92-48ED-933A-DB8A9B1122C1} = {42CE14AA-EB22-4CFF-923D-E4DD5BE9C751}
		{887B20CD-EDD9-473C-A7E0-6B0684D250A7} = {42CE14AA-EB22-4CFF-923D-E4DD5BE9C751}
	EndGlobalSection
EndGlobal
